
Microsoft Visual Studio Solution File, Format Version 12.00
# Visual Studio Version 17
VisualStudioVersion = 17.4.33205.214
MinimumVisualStudioVersion = 10.0.40219.1
Project("{9A19103F-16F7-4668-BE54-9A1E7A4F7556}") = "SimplestGraphQL", "SimplestGraphQL.csproj", "{7AD5AB41-A166-4172-AB75-9D4DE2B4A79D}"
EndProject
Project("{FAE04EC0-301F-11D3-BF4B-00C04F79EFBC}") = "SimplestGraphQL.Client", "..\SimplestGraphQL.Client\SimplestGraphQL.Client.csproj", "{1D716009-21B3-4C74-9286-4B79FB1112B9}"
EndProject
Global
	GlobalSection(SolutionConfigurationPlatforms) = preSolution
		Debug|Any CPU = Debug|Any CPU
		Release|Any CPU = Release|Any CPU
	EndGlobalSection
	GlobalSection(ProjectConfigurationPlatforms) = postSolution
		{7AD5AB41-A166-4172-AB75-9D4DE2B4A79D}.Debug|Any CPU.ActiveCfg = Debug|Any CPU
		{7AD5AB41-A166-4172-AB75-9D4DE2B4A79D}.Debug|Any CPU.Build.0 = Debug|Any CPU
		{7AD5AB41-A166-4172-AB75-9D4DE2B4A79D}.Release|Any CPU.ActiveCfg = Release|Any CPU
		{7AD5AB41-A166-4172-AB75-9D4DE2B4A79D}.Release|Any CPU.Build.0 = Release|Any CPU
		{1D716009-21B3-4C74-9286-4B79FB1112B9}.Debug|Any CPU.ActiveCfg = Debug|Any CPU
		{1D716009-21B3-4C74-9286-4B79FB1112B9}.Debug|Any CPU.Build.0 = Debug|Any CPU
		{1D716009-21B3-4C74-9286-4B79FB1112B9}.Release|Any CPU.ActiveCfg = Release|Any CPU
		{1D716009-21B3-4C74-9286-4B79FB1112B9}.Release|Any CPU.Build.0 = Release|Any CPU
	EndGlobalSection
	GlobalSection(SolutionProperties) = preSolution
		HideSolutionNode = FALSE
	EndGlobalSection
	GlobalSection(ExtensibilityGlobals) = postSolution
		SolutionGuid = {585EEA4F-6E0A-4F85-9695-3983F915A3AE}
	EndGlobalSection
EndGlobal
